
Microsoft Visual Studio Solution File, Format Version 12.00
# Visual Studio Version 17
VisualStudioVersion = 17.5.33530.505
MinimumVisualStudioVersion = 10.0.40219.1
Project("{FAE04EC0-301F-11D3-BF4B-00C04F79EFBC}") = "DZ_4_2_ListView_Explorer", "DZ_4_2_ListView_Explorer\DZ_4_2_ListView_Explorer\DZ_4_2_ListView_Explorer.csproj", "{3E66DFCC-65A6-4645-81B1-7EFABFE57220}"
EndProject
Project("{FAE04EC0-301F-11D3-BF4B-00C04F79EFBC}") = "DZ_4_1_TreeView_1", "DZ_4_1_TreeView\DZ_4_1_TreeView\DZ_4_1_TreeView_1.csproj", "{0C046140-5D9D-46C1-A030-A24E33C1A85A}"
EndProject
Project("{FAE04EC0-301F-11D3-BF4B-00C04F79EFBC}") = "DZ_4_WF_TreeView_2", "DZ_4_WF_TreeView_2\DZ_4_WF_TreeView_2.csproj", "{8C557302-B65C-40CF-9525-6A044951E5C7}"
EndProject
Project("{FAE04EC0-301F-11D3-BF4B-00C04F79EFBC}") = "DZ_4_WF_RichTextBox", "DZ_4_WF_RichTextBox\DZ_4_WF_RichTextBox.csproj", "{C460FBBE-D4E2-422D-B297-D3C3F29E6C76}"
EndProject
Global
	GlobalSection(SolutionConfigurationPlatforms) = preSolution
		Debug|Any CPU = Debug|Any CPU
		Release|Any CPU = Release|Any CPU
	EndGlobalSection
	GlobalSection(ProjectConfigurationPlatforms) = postSolution
		{3E66DFCC-65A6-4645-81B1-7EFABFE57220}.Debug|Any CPU.ActiveCfg = Debug|Any CPU
		{3E66DFCC-65A6-4645-81B1-7EFABFE57220}.Debug|Any CPU.Build.0 = Debug|Any CPU
		{3E66DFCC-65A6-4645-81B1-7EFABFE57220}.Release|Any CPU.ActiveCfg = Release|Any CPU
		{3E66DFCC-65A6-4645-81B1-7EFABFE57220}.Release|Any CPU.Build.0 = Release|Any CPU
		{0C046140-5D9D-46C1-A030-A24E33C1A85A}.Debug|Any CPU.ActiveCfg = Debug|Any CPU
		{0C046140-5D9D-46C1-A030-A24E33C1A85A}.Debug|Any CPU.Build.0 = Debug|Any CPU
		{0C046140-5D9D-46C1-A030-A24E33C1A85A}.Release|Any CPU.ActiveCfg = Release|Any CPU
		{0C046140-5D9D-46C1-A030-A24E33C1A85A}.Release|Any CPU.Build.0 = Release|Any CPU
		{8C557302-B65C-40CF-9525-6A044951E5C7}.Debug|Any CPU.ActiveCfg = Debug|Any CPU
		{8C557302-B65C-40CF-9525-6A044951E5C7}.Debug|Any CPU.Build.0 = Debug|Any CPU
		{8C557302-B65C-40CF-9525-6A044951E5C7}.Release|Any CPU.ActiveCfg = Release|Any CPU
		{8C557302-B65C-40CF-9525-6A044951E5C7}.Release|Any CPU.Build.0 = Release|Any CPU
		{C460FBBE-D4E2-422D-B297-D3C3F29E6C76}.Debug|Any CPU.ActiveCfg = Debug|Any CPU
		{C460FBBE-D4E2-422D-B297-D3C3F29E6C76}.Debug|Any CPU.Build.0 = Debug|Any CPU
		{C460FBBE-D4E2-422D-B297-D3C3F29E6C76}.Release|Any CPU.ActiveCfg = Release|Any CPU
		{C460FBBE-D4E2-422D-B297-D3C3F29E6C76}.Release|Any CPU.Build.0 = Release|Any CPU
	EndGlobalSection
	GlobalSection(SolutionProperties) = preSolution
		HideSolutionNode = FALSE
	EndGlobalSection
	GlobalSection(ExtensibilityGlobals) = postSolution
		SolutionGuid = {D5D8278E-6FC6-411F-BD50-E7479C1D1978}
	EndGlobalSection
EndGlobal
